# THIS IS AN AUTOGENERATED FILE. DO NOT EDIT THIS FILE DIRECTLY.
# yarn lockfile v1


nanoid@^3.3.6:
  version "3.3.6"
  resolved "https://registry.yarnpkg.com/nanoid/-/nanoid-3.3.6.tgz#443380c856d6e9f9824267d960b4236ad583ea4c"
  integrity sha512-BGcqMMJuToF7i1rt+2PWSNVnWIkGCU78jBG3RxO/bZlnZPK2Cmi2QaffxGO/2RvWi9sL+FAiRiXMgsyxQ1DIDA==

picocolors@^1.0.0:
  version "1.0.0"
  resolved "https://registry.yarnpkg.com/picocolors/-/picocolors-1.0.0.tgz#cb5bdc74ff3f51892236eaf79d68bc44564ab81c"
  integrity sha512-1fygroTLlHu66zi26VoTDv8yRgm0Fccecssto+MhsZ0D/DGW2sm8E8AjW7NU5VVTRt5GxbeZ5qBuJr+HyLYkjQ==

postcss-sorting@^8.0.2:
  version "8.0.2"
  resolved "https://registry.yarnpkg.com/postcss-sorting/-/postcss-sorting-8.0.2.tgz#6393385ece272baf74bee9820fb1b58098e4eeca"
  integrity sha512-M9dkSrmU00t/jK7rF6BZSZauA5MAaBW4i5EnJXspMwt4iqTh/L9j6fgMnbElEOfyRyfLfVbIHj/R52zHzAPe1Q==

postcss@^8.4.21:
  version "8.4.31"
  resolved "https://registry.yarnpkg.com/postcss/-/postcss-8.4.31.tgz#92b451050a9f914da6755af352bdc0192508656d"
  integrity sha512-PS08Iboia9mts/2ygV3eLpY5ghnUcfLV/EXTOW1E2qYxJKGGBUtNjN76FYHnMs36RmARn41bC0AZmn+rR0OVpQ==
  dependencies:
    nanoid "^3.3.6"
    picocolors "^1.0.0"
    source-map-js "^1.0.2"

source-map-js@^1.0.2:
  version "1.0.2"
  resolved "https://registry.yarnpkg.com/source-map-js/-/source-map-js-1.0.2.tgz#adbc361d9c62df380125e7f161f71c826f1e490c"
  integrity sha512-R0XvVJ9WusLiqTCEiGCmICCMplcCkIwwR11mOSD9CR5u+IXYdiseeEuXCVAjS54zqwkLcPNnmU4OeJ6tUrWhDw==

stylelint-config-recommended@^3.0.0:
  version "3.0.0"
  resolved "https://registry.yarnpkg.com/stylelint-config-recommended/-/stylelint-config-recommended-3.0.0.tgz#e0e547434016c5539fe2650afd58049a2fd1d657"
  integrity sha512-F6yTRuc06xr1h5Qw/ykb2LuFynJ2IxkKfCMf+1xqPffkxh0S09Zc902XCffcsw/XMFq/OzQ1w54fLIDtmRNHnQ==

stylelint-config-standard@^20.0.0:
  version "20.0.0"
  resolved "https://registry.yarnpkg.com/stylelint-config-standard/-/stylelint-config-standard-20.0.0.tgz#06135090c9e064befee3d594289f50e295b5e20d"
  integrity sha512-IB2iFdzOTA/zS4jSVav6z+wGtin08qfj+YyExHB3LF9lnouQht//YyB0KZq9gGz5HNPkddHOzcY8HsUey6ZUlA==
  dependencies:
    stylelint-config-recommended "^3.0.0"

stylelint-order@^6.0.3:
  version "6.0.3"
  resolved "https://registry.yarnpkg.com/stylelint-order/-/stylelint-order-6.0.3.tgz#160b78650bd90463241b992581efee7159baefc2"
  integrity sha512-1j1lOb4EU/6w49qZeT2SQVJXm0Ht+Qnq9GMfUa3pMwoyojIWfuA+JUDmoR97Bht1RLn4ei0xtLGy87M7d29B1w==
  dependencies:
    postcss "^8.4.21"
    postcss-sorting "^8.0.2"
